// !$*UTF8*$!
{
	archiveVersion = 1;
	classes = {
	};
	objectVersion = 46;
	objects = {

/* Begin PBXBuildFile section */
		5567A0DF1BF253A800F7C7C5 /* AppDelegate.swift in Sources */ = {isa = PBXBuildFile; fileRef = 5567A0DE1BF253A800F7C7C5 /* AppDelegate.swift */; };
		5567A0E11BF253A800F7C7C5 /* FirstViewController.swift in Sources */ = {isa = PBXBuildFile; fileRef = 5567A0E01BF253A800F7C7C5 /* FirstViewController.swift */; };
		5567A0E41BF253A800F7C7C5 /* Main.storyboard in Resources */ = {isa = PBXBuildFile; fileRef = 5567A0E21BF253A800F7C7C5 /* Main.storyboard */; };
		5567A0E61BF253A800F7C7C5 /* Assets.xcassets in Resources */ = {isa = PBXBuildFile; fileRef = 5567A0E51BF253A800F7C7C5 /* Assets.xcassets */; };
		5567A0E91BF253A800F7C7C5 /* LaunchScreen.storyboard in Resources */ = {isa = PBXBuildFile; fileRef = 5567A0E71BF253A800F7C7C5 /* LaunchScreen.storyboard */; };
		5567A0F21BF254F300F7C7C5 /* StoryboardConstants.swift in Sources */ = {isa = PBXBuildFile; fileRef = 5567A0F11BF254F300F7C7C5 /* StoryboardConstants.swift */; };
		5567A0F41BF255B300F7C7C5 /* SecondViewController.swift in Sources */ = {isa = PBXBuildFile; fileRef = 5567A0F31BF255B300F7C7C5 /* SecondViewController.swift */; };
		5567A0F61BF2576600F7C7C5 /* README.md in Sources */ = {isa = PBXBuildFile; fileRef = 5567A0F51BF2576600F7C7C5 /* README.md */; };
/* End PBXBuildFile section */

/* Begin PBXFileReference section */
		5567A0DB1BF253A800F7C7C5 /* GenerateStoryboardConstantsDemo.app */ = {isa = PBXFileReference; explicitFileType = wrapper.application; includeInIndex = 0; path = GenerateStoryboardConstantsDemo.app; sourceTree = BUILT_PRODUCTS_DIR; };
		5567A0DE1BF253A800F7C7C5 /* AppDelegate.swift */ = {isa = PBXFileReference; lastKnownFileType = sourcecode.swift; path = AppDelegate.swift; sourceTree = "<group>"; };
		5567A0E01BF253A800F7C7C5 /* FirstViewController.swift */ = {isa = PBXFileReference; lastKnownFileType = sourcecode.swift; path = FirstViewController.swift; sourceTree = "<group>"; };
		5567A0E31BF253A800F7C7C5 /* Base */ = {isa = PBXFileReference; lastKnownFileType = file.storyboard; name = Base; path = Base.lproj/Main.storyboard; sourceTree = "<group>"; };
		5567A0E51BF253A800F7C7C5 /* Assets.xcassets */ = {isa = PBXFileReference; lastKnownFileType = folder.assetcatalog; path = Assets.xcassets; sourceTree = "<group>"; };
		5567A0E81BF253A800F7C7C5 /* Base */ = {isa = PBXFileReference; lastKnownFileType = file.storyboard; name = Base; path = Base.lproj/LaunchScreen.storyboard; sourceTree = "<group>"; };
		5567A0EA1BF253A800F7C7C5 /* Info.plist */ = {isa = PBXFileReference; lastKnownFileType = text.plist.xml; path = Info.plist; sourceTree = "<group>"; };
		5567A0F11BF254F300F7C7C5 /* StoryboardConstants.swift */ = {isa = PBXFileReference; fileEncoding = 4; lastKnownFileType = sourcecode.swift; path = StoryboardConstants.swift; sourceTree = "<group>"; };
		5567A0F31BF255B300F7C7C5 /* SecondViewController.swift */ = {isa = PBXFileReference; fileEncoding = 4; lastKnownFileType = sourcecode.swift; path = SecondViewController.swift; sourceTree = "<group>"; };
		5567A0F51BF2576600F7C7C5 /* README.md */ = {isa = PBXFileReference; fileEncoding = 4; lastKnownFileType = net.daringfireball.markdown; path = README.md; sourceTree = "<group>"; };
/* End PBXFileReference section */

/* Begin PBXFrameworksBuildPhase section */
		5567A0D81BF253A800F7C7C5 /* Frameworks */ = {
			isa = PBXFrameworksBuildPhase;
			buildActionMask = 2147483647;
			files = (
			);
			runOnlyForDeploymentPostprocessing = 0;
		};
/* End PBXFrameworksBuildPhase section */

/* Begin PBXGroup section */
		5567A0D21BF253A800F7C7C5 = {
			isa = PBXGroup;
			children = (
				5567A0F51BF2576600F7C7C5 /* README.md */,
				5567A0DD1BF253A800F7C7C5 /* GenerateStoryboardConstantsDemo */,
				5567A0DC1BF253A800F7C7C5 /* Products */,
			);
			sourceTree = "<group>";
		};
		5567A0DC1BF253A800F7C7C5 /* Products */ = {
			isa = PBXGroup;
			children = (
				5567A0DB1BF253A800F7C7C5 /* GenerateStoryboardConstantsDemo.app */,
			);
			name = Products;
			sourceTree = "<group>";
		};
		5567A0DD1BF253A800F7C7C5 /* GenerateStoryboardConstantsDemo */ = {
			isa = PBXGroup;
			children = (
				5567A0F11BF254F300F7C7C5 /* StoryboardConstants.swift */,
				5567A0DE1BF253A800F7C7C5 /* AppDelegate.swift */,
				5567A0E01BF253A800F7C7C5 /* FirstViewController.swift */,
				5567A0F31BF255B300F7C7C5 /* SecondViewController.swift */,
				5567A0E21BF253A800F7C7C5 /* Main.storyboard */,
				5567A0E51BF253A800F7C7C5 /* Assets.xcassets */,
				5567A0E71BF253A800F7C7C5 /* LaunchScreen.storyboard */,
				5567A0EA1BF253A800F7C7C5 /* Info.plist */,
			);
			path = GenerateStoryboardConstantsDemo;
			sourceTree = "<group>";
		};
/* End PBXGroup section */

/* Begin PBXNativeTarget section */
		5567A0DA1BF253A800F7C7C5 /* GenerateStoryboardConstantsDemo */ = {
			isa = PBXNativeTarget;
			buildConfigurationList = 5567A0ED1BF253A800F7C7C5 /* Build configuration list for PBXNativeTarget "GenerateStoryboardConstantsDemo" */;
			buildPhases = (
				5567A0D71BF253A800F7C7C5 /* Sources */,
				5567A0D81BF253A800F7C7C5 /* Frameworks */,
				5567A0D91BF253A800F7C7C5 /* Resources */,
				5567A0F01BF2545000F7C7C5 /* Generate Swift Storyboard Constants */,
			);
			buildRules = (
			);
			dependencies = (
			);
			name = GenerateStoryboardConstantsDemo;
			productName = GenerateStoryboardConstantsDemo;
			productReference = 5567A0DB1BF253A800F7C7C5 /* GenerateStoryboardConstantsDemo.app */;
			productType = "com.apple.product-type.application";
		};
/* End PBXNativeTarget section */

/* Begin PBXProject section */
		5567A0D31BF253A800F7C7C5 /* Project object */ = {
			isa = PBXProject;
			attributes = {
				LastSwiftUpdateCheck = 0710;
				LastUpgradeCheck = 0710;
				ORGANIZATIONNAME = "DevedUp Ltd";
				TargetAttributes = {
					5567A0DA1BF253A800F7C7C5 = {
						CreatedOnToolsVersion = 7.1;
					};
				};
			};
			buildConfigurationList = 5567A0D61BF253A800F7C7C5 /* Build configuration list for PBXProject "GenerateStoryboardConstantsDemo" */;
			compatibilityVersion = "Xcode 3.2";
			developmentRegion = English;
			hasScannedForEncodings = 0;
			knownRegions = (
				en,
				Base,
			);
			mainGroup = 5567A0D21BF253A800F7C7C5;
			productRefGroup = 5567A0DC1BF253A800F7C7C5 /* Products */;
			projectDirPath = "";
			projectRoot = "";
			targets = (
				5567A0DA1BF253A800F7C7C5 /* GenerateStoryboardConstantsDemo */,
			);
		};
/* End PBXProject section */

/* Begin PBXResourcesBuildPhase section */
		5567A0D91BF253A800F7C7C5 /* Resources */ = {
			isa = PBXResourcesBuildPhase;
			buildActionMask = 2147483647;
			files = (
				5567A0E91BF253A800F7C7C5 /* LaunchScreen.storyboard in Resources */,
				5567A0E61BF253A800F7C7C5 /* Assets.xcassets in Resources */,
				5567A0E41BF253A800F7C7C5 /* Main.storyboard in Resources */,
			);
			runOnlyForDeploymentPostprocessing = 0;
		};
/* End PBXResourcesBuildPhase section */

/* Begin PBXShellScriptBuildPhase section */
		5567A0F01BF2545000F7C7C5 /* Generate Swift Storyboard Constants */ = {
			isa = PBXShellScriptBuildPhase;
			buildActionMask = 2147483647;
			files = (
			);
			inputPaths = (
				"$(SRCROOT)/${TARGETNAME}/Base.lproj/Main.storyboard",
			);
			name = "Generate Swift Storyboard Constants";
			outputPaths = (
				"$(SRCROOT)/${TARGETNAME}/StoryboardConstants.swift",
			);
			runOnlyForDeploymentPostprocessing = 0;
			shellPath = /bin/sh;
			shellScript = "SCRIPT_FILE=\"${SRCROOT}/Scripts/Generate-Swift-Storyboard-Constants.py\"\n\necho \"Running a custom build phase script: $SCRIPT_FILE\"\n\npython \"${SCRIPT_FILE}\" \"${SCRIPT_OUTPUT_FILE_0}\" \"${SCRIPT_OUTPUT_FILE_1}\"\nscriptExitStatus=$?\necho \"DONE with script: ${SCRIPT_FILE} (exitStatus=${scriptExitStatus})\\n\\n\"\nexit \"${scriptExitStatus}\"";
		};
/* End PBXShellScriptBuildPhase section */

/* Begin PBXSourcesBuildPhase section */
		5567A0D71BF253A800F7C7C5 /* Sources */ = {
			isa = PBXSourcesBuildPhase;
			buildActionMask = 2147483647;
			files = (
				5567A0F41BF255B300F7C7C5 /* SecondViewController.swift in Sources */,
				5567A0F21BF254F300F7C7C5 /* StoryboardConstants.swift in Sources */,
				5567A0F61BF2576600F7C7C5 /* README.md in Sources */,
				5567A0E11BF253A800F7C7C5 /* FirstViewController.swift in Sources */,
				5567A0DF1BF253A800F7C7C5 /* AppDelegate.swift in Sources */,
			);
			runOnlyForDeploymentPostprocessing = 0;
		};
/* End PBXSourcesBuildPhase section */

/* Begin PBXVariantGroup section */
		5567A0E21BF253A800F7C7C5 /* Main.storyboard */ = {
			isa = PBXVariantGroup;
			children = (
				5567A0E31BF253A800F7C7C5 /* Base */,
			);
			name = Main.storyboard;
			sourceTree = "<group>";
		};
		5567A0E71BF253A800F7C7C5 /* LaunchScreen.storyboard */ = {
			isa = PBXVariantGroup;
			children = (
				5567A0E81BF253A800F7C7C5 /* Base */,
			);
			name = LaunchScreen.storyboard;
			sourceTree = "<group>";
		};
/* End PBXVariantGroup section */

/* Begin XCBuildConfiguration section */
		5567A0EB1BF253A800F7C7C5 /* Debug */ = {
			isa = XCBuildConfiguration;
			buildSettings = {
				ALWAYS_SEARCH_USER_PATHS = NO;
				CLANG_CXX_LANGUAGE_STANDARD = "gnu++0x";
				CLANG_CXX_LIBRARY = "libc++";
				CLANG_ENABLE_MODULES = YES;
				CLANG_ENABLE_OBJC_ARC = YES;
				CLANG_WARN_BOOL_CONVERSION = YES;
				CLANG_WARN_CONSTANT_CONVERSION = YES;
				CLANG_WARN_DIRECT_OBJC_ISA_USAGE = YES_ERROR;
				CLANG_WARN_EMPTY_BODY = YES;
				CLANG_WARN_ENUM_CONVERSION = YES;
				CLANG_WARN_INT_CONVERSION = YES;
				CLANG_WARN_OBJC_ROOT_CLASS = YES_ERROR;
				CLANG_WARN_UNREACHABLE_CODE = YES;
				CLANG_WARN__DUPLICATE_METHOD_MATCH = YES;
				"CODE_SIGN_IDENTITY[sdk=iphoneos*]" = "iPhone Developer";
				COPY_PHASE_STRIP = NO;
				DEBUG_INFORMATION_FORMAT = dwarf;
				ENABLE_STRICT_OBJC_MSGSEND = YES;
				ENABLE_TESTABILITY = YES;
				GCC_C_LANGUAGE_STANDARD = gnu99;
				GCC_DYNAMIC_NO_PIC = NO;
				GCC_NO_COMMON_BLOCKS = YES;
				GCC_OPTIMIZATION_LEVEL = 0;
				GCC_PREPROCESSOR_DEFINITIONS = (
					"DEBUG=1",
					"$(inherited)",
				);
				GCC_WARN_64_TO_32_BIT_CONVERSION = YES;
				GCC_WARN_ABOUT_RETURN_TYPE = YES_ERROR;
				GCC_WARN_UNDECLARED_SELECTOR = YES;
				GCC_WARN_UNINITIALIZED_AUTOS = YES_AGGRESSIVE;
				GCC_WARN_UNUSED_FUNCTION = YES;
				GCC_WARN_UNUSED_VARIABLE = YES;
				IPHONEOS_DEPLOYMENT_TARGET = 9.1;
				MTL_ENABLE_DEBUG_INFO = YES;
				ONLY_ACTIVE_ARCH = YES;
				SDKROOT = iphoneos;
				SWIFT_OPTIMIZATION_LEVEL = "-Onone";
			};
			name = Debug;
		};
		5567A0EC1BF253A800F7C7C5 /* Release */ = {
			isa = XCBuildConfiguration;
			buildSettings = {
				ALWAYS_SEARCH_USER_PATHS = NO;
				CLANG_CXX_LANGUAGE_STANDARD = "gnu++0x";
				CLANG_CXX_LIBRARY = "libc++";
				CLANG_ENABLE_MODULES = YES;
				CLANG_ENABLE_OBJC_ARC = YES;
				CLANG_WARN_BOOL_CONVERSION = YES;
				CLANG_WARN_CONSTANT_CONVERSION = YES;
				CLANG_WARN_DIRECT_OBJC_ISA_USAGE = YES_ERROR;
				CLANG_WARN_EMPTY_BODY = YES;
				CLANG_WARN_ENUM_CONVERSION = YES;
				CLANG_WARN_INT_CONVERSION = YES;
				CLANG_WARN_OBJC_ROOT_CLASS = YES_ERROR;
				CLANG_WARN_UNREACHABLE_CODE = YES;
				CLANG_WARN__DUPLICATE_METHOD_MATCH = YES;
				"CODE_SIGN_IDENTITY[sdk=iphoneos*]" = "iPhone Developer";
				COPY_PHASE_STRIP = NO;
				DEBUG_INFORMATION_FORMAT = "dwarf-with-dsym";
				ENABLE_NS_ASSERTIONS = NO;
				ENABLE_STRICT_OBJC_MSGSEND = YES;
				GCC_C_LANGUAGE_STANDARD = gnu99;
				GCC_NO_COMMON_BLOCKS = YES;
				GCC_WARN_64_TO_32_BIT_CONVERSION = YES;
				GCC_WARN_ABOUT_RETURN_TYPE = YES_ERROR;
				GCC_WARN_UNDECLARED_SELECTOR = YES;
				GCC_WARN_UNINITIALIZED_AUTOS = YES_AGGRESSIVE;
				GCC_WARN_UNUSED_FUNCTION = YES;
				GCC_WARN_UNUSED_VARIABLE = YES;
				IPHONEOS_DEPLOYMENT_TARGET = 9.1;
				MTL_ENABLE_DEBUG_INFO = NO;
				SDKROOT = iphoneos;
				VALIDATE_PRODUCT = YES;
			};
			name = Release;
		};
		5567A0EE1BF253A800F7C7C5 /* Debug */ = {
			isa = XCBuildConfiguration;
			buildSettings = {
				ASSETCATALOG_COMPILER_APPICON_NAME = AppIcon;
				INFOPLIST_FILE = GenerateStoryboardConstantsDemo/Info.plist;
				LD_RUNPATH_SEARCH_PATHS = "$(inherited) @executable_path/Frameworks";
				PRODUCT_BUNDLE_IDENTIFIER = com.devedup.GenerateStoryboardConstantsDemo;
				PRODUCT_NAME = "$(TARGET_NAME)";
			};
			name = Debug;
		};
		5567A0EF1BF253A800F7C7C5 /* Release */ = {
			isa = XCBuildConfiguration;
			buildSettings = {
				ASSETCATALOG_COMPILER_APPICON_NAME = AppIcon;
				INFOPLIST_FILE = GenerateStoryboardConstantsDemo/Info.plist;
				LD_RUNPATH_SEARCH_PATHS = "$(inherited) @executable_path/Frameworks";
				PRODUCT_BUNDLE_IDENTIFIER = com.devedup.GenerateStoryboardConstantsDemo;
				PRODUCT_NAME = "$(TARGET_NAME)";
			};
			name = Release;
		};
/* End XCBuildConfiguration section */

/* Begin XCConfigurationList section */
		5567A0D61BF253A800F7C7C5 /* Build configuration list for PBXProject "GenerateStoryboardConstantsDemo" */ = {
			isa = XCConfigurationList;
			buildConfigurations = (
				5567A0EB1BF253A800F7C7C5 /* Debug */,
				5567A0EC1BF253A800F7C7C5 /* Release */,
			);
			defaultConfigurationIsVisible = 0;
			defaultConfigurationName = Release;
		};
		5567A0ED1BF253A800F7C7C5 /* Build configuration list for PBXNativeTarget "GenerateStoryboardConstantsDemo" */ = {
			isa = XCConfigurationList;
			buildConfigurations = (
				5567A0EE1BF253A800F7C7C5 /* Debug */,
				5567A0EF1BF253A800F7C7C5 /* Release */,
			);
			defaultConfigurationIsVisible = 0;
			defaultConfigurationName = Release;
		};
/* End XCConfigurationList section */
	};
	rootObject = 5567A0D31BF253A800F7C7C5 /* Project object */;
}
